Microsoft Visual Studio Solution File, Format Version 8.00
Project("{8BC9CEB8-8B4A-11D0-8D11-00A0C91BC942}") = "libtcmalloc_minimal", "vsprojects\libtcmalloc_minimal\libtcmalloc_minimal.vcproj", "{55E2B3AE-3CA1-4DB6-97F7-0A044D6F446F}"
	ProjectSection(ProjectDependencies) = postProject
	EndProjectSection
EndProject
Project("{8BC9CEB8-8B4A-11D0-8D11-00A0C91BC942}") = "tcmalloc_minimal_unittest", "vsprojects\tcmalloc_minimal_unittest\tcmalloc_minimal_unittest.vcproj", "{7CC73D97-C057-43A6-82EF-E6B567488D02}"
	ProjectSection(ProjectDependencies) = postProject
		{55E2B3AE-3CA1-4DB6-97F7-0A044D6F446F} = {55E2B3AE-3CA1-4DB6-97F7-0A044D6F446F}
	EndProjectSection
EndProject
Project("{8BC9CEB8-8B4A-11D0-8D11-00A0C91BC942}") = "tcmalloc_minimal_large_unittest", "vsprojects\tcmalloc_minimal_large\tcmalloc_minimal_large_unittest.vcproj", "{2D8B9599-C74C-4298-B723-6CF6077563E3}"
	ProjectSection(ProjectDependencies) = postProject
		{55E2B3AE-3CA1-4DB6-97F7-0A044D6F446F} = {55E2B3AE-3CA1-4DB6-97F7-0A044D6F446F}
	EndProjectSection
EndProject
Project("{8BC9CEB8-8B4A-11D0-8D11-00A0C91BC942}") = "addressmap_unittest", "vsprojects\addressmap_unittest\addressmap_unittest.vcproj", "{32EECEB6-7D18-477E-BC7A-30CE98457A88}"
	ProjectSection(ProjectDependencies) = postProject
	EndProjectSection
EndProject
Project("{8BC9CEB8-8B4A-11D0-8D11-00A0C91BC942}") = "frag_unittest", "vsprojects\frag_unittest\frag_unittest.vcproj", "{24754725-DE0D-4214-8979-324247AAD78E}"
	ProjectSection(ProjectDependencies) = postProject
		{55E2B3AE-3CA1-4DB6-97F7-0A044D6F446F} = {55E2B3AE-3CA1-4DB6-97F7-0A044D6F446F}
	EndProjectSection
EndProject
Project("{8BC9CEB8-8B4A-11D0-8D11-00A0C91BC942}") = "low_level_alloc_unittest", "vsprojects\low_level_alloc_unittest\low_level_alloc_unittest.vcproj", "{A765198D-5305-4AB0-9A21-A0CD8201EB2A}"
	ProjectSection(ProjectDependencies) = postProject
	EndProjectSection
EndProject
Project("{8BC9CEB8-8B4A-11D0-8D11-00A0C91BC942}") = "malloc_extension_test", "vsprojects\malloc_extension_test\malloc_extension_test.vcproj", "{3765198D-5305-4AB0-9A21-A0CD8201EB2A}"
	ProjectSection(ProjectDependencies) = postProject
		{55E2B3AE-3CA1-4DB6-97F7-0A044D6F446F} = {55E2B3AE-3CA1-4DB6-97F7-0A044D6F446F}
	EndProjectSection
EndProject
Project("{8BC9CEB8-8B4A-11D0-8D11-00A0C91BC942}") = "markidle_unittest", "vsprojects\markidle_unittest\markidle_unittest.vcproj", "{4AF7E21D-9D0A-410C-A7DB-7D21DA5166C0}"
	ProjectSection(ProjectDependencies) = postProject
		{55E2B3AE-3CA1-4DB6-97F7-0A044D6F446F} = {55E2B3AE-3CA1-4DB6-97F7-0A044D6F446F}
	EndProjectSection
EndProject
Project("{8BC9CEB8-8B4A-11D0-8D11-00A0C91BC942}") = "packed-cache_test", "vsprojects\packed-cache_test\packed-cache_test.vcproj", "{605D3CED-B530-424E-B7D2-2A31F14FD570}"
	ProjectSection(ProjectDependencies) = postProject
		{55E2B3AE-3CA1-4DB6-97F7-0A044D6F446F} = {55E2B3AE-3CA1-4DB6-97F7-0A044D6F446F}
	EndProjectSection
EndProject
Project("{8BC9CEB8-8B4A-11D0-8D11-00A0C91BC942}") = "pagemap_unittest", "vsprojects\pagemap_unittest\pagemap_unittest.vcproj", "{9765198D-5305-4AB0-9A21-A0CD8201EB2A}"
	ProjectSection(ProjectDependencies) = postProject
		{55E2B3AE-3CA1-4DB6-97F7-0A044D6F446F} = {55E2B3AE-3CA1-4DB6-97F7-0A044D6F446F}
	EndProjectSection
EndProject
Project("{8BC9CEB8-8B4A-11D0-8D11-00A0C91BC942}") = "page_heap_test", "vsprojects\page_heap_test\page_heap_test.vcproj", "{9765198D-5305-4AB0-9A21-A0CD8201EB2B}"
	ProjectSection(ProjectDependencies) = postProject
		{55E2B3AE-3CA1-4DB6-97F7-0A044D6F446F} = {55E2B3AE-3CA1-4DB6-97F7-0A044D6F446F}
	EndProjectSection
EndProject
Project("{8BC9CEB8-8B4A-11D0-8D11-00A0C91BC942}") = "realloc_unittest", "vsprojects\realloc_unittest\realloc_unittest.vcproj", "{4765198D-5305-4AB0-9A21-A0CD8201EB2A}"
	ProjectSection(ProjectDependencies) = postProject
		{55E2B3AE-3CA1-4DB6-97F7-0A044D6F446F} = {55E2B3AE-3CA1-4DB6-97F7-0A044D6F446F}
	EndProjectSection
EndProject
Project("{8BC9CEB8-8B4A-11D0-8D11-00A0C91BC942}") = "sampler_test", "vsprojects\sampler_test\sampler_test.vcproj", "{B765198D-5305-4AB0-9A21-A0CD8201EB2A}"
	ProjectSection(ProjectDependencies) = postProject
		{55E2B3AE-3CA1-4DB6-97F7-0A044D6F446F} = {55E2B3AE-3CA1-4DB6-97F7-0A044D6F446F}
	EndProjectSection
EndProject
Project("{8BC9CEB8-8B4A-11D0-8D11-00A0C91BC942}") = "stack_trace_table_test", "vsprojects\stack_trace_table_test\stack_trace_table_test.vcproj", "{A4754725-DE0D-4214-8979-324247AAD78E}"
	ProjectSection(ProjectDependencies) = postProject
		{55E2B3AE-3CA1-4DB6-97F7-0A044D6F446F} = {55E2B3AE-3CA1-4DB6-97F7-0A044D6F446F}
	EndProjectSection
EndProject
Project("{8BC9CEB8-8B4A-11D0-8D11-00A0C91BC942}") = "thread_dealloc_unittest", "vsprojects\thread_dealloc_unittest\thread_dealloc_unittest.vcproj", "{6CFFBD0F-09E3-4282-A711-0564451FDF74}"
	ProjectSection(ProjectDependencies) = postProject
		{55E2B3AE-3CA1-4DB6-97F7-0A044D6F446F} = {55E2B3AE-3CA1-4DB6-97F7-0A044D6F446F}
	EndProjectSection
EndProject
Project("{8BC9CEB8-8B4A-11D0-8D11-00A0C91BC942}") = "tmu-static", "vsprojects\tmu-static\tmu-static.vcproj", "{8F708DCB-7EE4-4BA0-81AA-A52A0BA73B74}"
	ProjectSection(ProjectDependencies) = postProject
	EndProjectSection
	ProjectSection(ProjectDependencies) = postProject
	EndProjectSection
EndProject
Project("{8BC9CEB8-8B4A-11D0-8D11-00A0C91BC942}") = "addr2line-pdb", "vsprojects\addr2line-pdb\addr2line-pdb.vcproj", "{81CA712E-90B8-4AE5-9E89-5B436578D6DA}"
	ProjectSection(ProjectDependencies) = postProject
	EndProjectSection
EndProject
Project("{8BC9CEB8-8B4A-11D0-8D11-00A0C91BC942}") = "nm-pdb", "vsprojects\nm-pdb\nm-pdb.vcproj", "{3A559C75-FD26-4300-B86B-165FD43EE1CE}"
	ProjectSection(ProjectDependencies) = postProject
	EndProjectSection
EndProject
Global
	GlobalSection(SolutionConfiguration) = preSolution
		Debug = Debug
		Release = Release
	EndGlobalSection
	GlobalSection(ProjectDependencies) = postSolution
	EndGlobalSection
	GlobalSection(ProjectConfiguration) = postSolution
		{55E2B3AE-3CA1-4DB6-97F7-0A044D6F446F}.Debug.ActiveCfg = Debug|Win32
		{55E2B3AE-3CA1-4DB6-97F7-0A044D6F446F}.Debug.Build.0 = Debug|Win32
		{55E2B3AE-3CA1-4DB6-97F7-0A044D6F446F}.Release.ActiveCfg = Release|Win32
		{55E2B3AE-3CA1-4DB6-97F7-0A044D6F446F}.Release.Build.0 = Release|Win32
		{7CC73D97-C057-43A6-82EF-E6B567488D02}.Debug.ActiveCfg = Debug|Win32
		{7CC73D97-C057-43A6-82EF-E6B567488D02}.Debug.Build.0 = Debug|Win32
		{7CC73D97-C057-43A6-82EF-E6B567488D02}.Release.ActiveCfg = Release|Win32
		{7CC73D97-C057-43A6-82EF-E6B567488D02}.Release.Build.0 = Release|Win32
		{2D8B9599-C74C-4298-B723-6CF6077563E3}.Debug.ActiveCfg = Debug|Win32
		{2D8B9599-C74C-4298-B723-6CF6077563E3}.Debug.Build.0 = Debug|Win32
		{2D8B9599-C74C-4298-B723-6CF6077563E3}.Release.ActiveCfg = Release|Win32
		{2D8B9599-C74C-4298-B723-6CF6077563E3}.Release.Build.0 = Release|Win32
		{32EECEB6-7D18-477E-BC7A-30CE98457A88}.Debug.ActiveCfg = Debug|Win32
		{32EECEB6-7D18-477E-BC7A-30CE98457A88}.Debug.Build.0 = Debug|Win32
		{32EECEB6-7D18-477E-BC7A-30CE98457A88}.Release.ActiveCfg = Release|Win32
		{32EECEB6-7D18-477E-BC7A-30CE98457A88}.Release.Build.0 = Release|Win32
		{24754725-DE0D-4214-8979-324247AAD78E}.Debug.ActiveCfg = Debug|Win32
		{24754725-DE0D-4214-8979-324247AAD78E}.Debug.Build.0 = Debug|Win32
		{24754725-DE0D-4214-8979-324247AAD78E}.Release.ActiveCfg = Release|Win32
		{24754725-DE0D-4214-8979-324247AAD78E}.Release.Build.0 = Release|Win32
		{A765198D-5305-4AB0-9A21-A0CD8201EB2A}.Debug.ActiveCfg = Debug|Win32
		{A765198D-5305-4AB0-9A21-A0CD8201EB2A}.Debug.Build.0 = Debug|Win32
		{A765198D-5305-4AB0-9A21-A0CD8201EB2A}.Release.ActiveCfg = Release|Win32
		{A765198D-5305-4AB0-9A21-A0CD8201EB2A}.Release.Build.0 = Release|Win32
		{3765198D-5305-4AB0-9A21-A0CD8201EB2A}.Debug.ActiveCfg = Debug|Win32
		{3765198D-5305-4AB0-9A21-A0CD8201EB2A}.Debug.Build.0 = Debug|Win32
		{3765198D-5305-4AB0-9A21-A0CD8201EB2A}.Release.ActiveCfg = Release|Win32
		{3765198D-5305-4AB0-9A21-A0CD8201EB2A}.Release.Build.0 = Release|Win32
		{4AF7E21D-9D0A-410C-A7DB-7D21DA5166C0}.Debug.ActiveCfg = Debug|Win32
		{4AF7E21D-9D0A-410C-A7DB-7D21DA5166C0}.Debug.Build.0 = Debug|Win32
		{4AF7E21D-9D0A-410C-A7DB-7D21DA5166C0}.Release.ActiveCfg = Release|Win32
		{4AF7E21D-9D0A-410C-A7DB-7D21DA5166C0}.Release.Build.0 = Release|Win32
		{605D3CED-B530-424E-B7D2-2A31F14FD570}.Debug.ActiveCfg = Debug|Win32
		{605D3CED-B530-424E-B7D2-2A31F14FD570}.Debug.Build.0 = Debug|Win32
		{605D3CED-B530-424E-B7D2-2A31F14FD570}.Release.ActiveCfg = Release|Win32
		{605D3CED-B530-424E-B7D2-2A31F14FD570}.Release.Build.0 = Release|Win32
		{9765198D-5305-4AB0-9A21-A0CD8201EB2A}.Debug.ActiveCfg = Debug|Win32
		{9765198D-5305-4AB0-9A21-A0CD8201EB2A}.Debug.Build.0 = Debug|Win32
		{9765198D-5305-4AB0-9A21-A0CD8201EB2A}.Release.ActiveCfg = Release|Win32
		{9765198D-5305-4AB0-9A21-A0CD8201EB2A}.Release.Build.0 = Release|Win32
		{9765198D-5305-4AB0-9A21-A0CD8201EB2B}.Debug.ActiveCfg = Debug|Win32
		{9765198D-5305-4AB0-9A21-A0CD8201EB2B}.Debug.Build.0 = Debug|Win32
		{9765198D-5305-4AB0-9A21-A0CD8201EB2B}.Release.ActiveCfg = Release|Win32
		{9765198D-5305-4AB0-9A21-A0CD8201EB2B}.Release.Build.0 = Release|Win32
		{4765198D-5305-4AB0-9A21-A0CD8201EB2A}.Debug.ActiveCfg = Debug|Win32
		{4765198D-5305-4AB0-9A21-A0CD8201EB2A}.Debug.Build.0 = Debug|Win32
		{4765198D-5305-4AB0-9A21-A0CD8201EB2A}.Release.ActiveCfg = Release|Win32
		{4765198D-5305-4AB0-9A21-A0CD8201EB2A}.Release.Build.0 = Release|Win32
		{B765198D-5305-4AB0-9A21-A0CD8201EB2A}.Debug.ActiveCfg = Debug|Win32
		{B765198D-5305-4AB0-9A21-A0CD8201EB2A}.Debug.Build.0 = Debug|Win32
		{B765198D-5305-4AB0-9A21-A0CD8201EB2A}.Release.ActiveCfg = Release|Win32
		{B765198D-5305-4AB0-9A21-A0CD8201EB2A}.Release.Build.0 = Release|Win32
		{A4754725-DE0D-4214-8979-324247AAD78E}.Debug.ActiveCfg = Debug|Win32
		{A4754725-DE0D-4214-8979-324247AAD78E}.Debug.Build.0 = Debug|Win32
		{A4754725-DE0D-4214-8979-324247AAD78E}.Release.ActiveCfg = Release|Win32
		{A4754725-DE0D-4214-8979-324247AAD78E}.Release.Build.0 = Release|Win32
		{6CFFBD0F-09E3-4282-A711-0564451FDF74}.Debug.ActiveCfg = Debug|Win32
		{6CFFBD0F-09E3-4282-A711-0564451FDF74}.Debug.Build.0 = Debug|Win32
		{6CFFBD0F-09E3-4282-A711-0564451FDF74}.Release.ActiveCfg = Release|Win32
		{6CFFBD0F-09E3-4282-A711-0564451FDF74}.Release.Build.0 = Release|Win32
		{8F708DCB-7EE4-4BA0-81AA-A52A0BA73B74}.Debug.ActiveCfg = Debug|Win32
		{8F708DCB-7EE4-4BA0-81AA-A52A0BA73B74}.Debug.Build.0 = Debug|Win32
		{8F708DCB-7EE4-4BA0-81AA-A52A0BA73B74}.Release.ActiveCfg = Release|Win32
		{8F708DCB-7EE4-4BA0-81AA-A52A0BA73B74}.Release.Build.0 = Release|Win32
		{81CA712E-90B8-4AE5-9E89-5B436578D6DA}.Debug.ActiveCfg = Debug|Win32
		{81CA712E-90B8-4AE5-9E89-5B436578D6DA}.Debug.Build.0 = Debug|Win32
		{81CA712E-90B8-4AE5-9E89-5B436578D6DA}.Release.ActiveCfg = Release|Win32
		{81CA712E-90B8-4AE5-9E89-5B436578D6DA}.Release.Build.0 = Release|Win32
		{3A559C75-FD26-4300-B86B-165FD43EE1CE}.Debug.ActiveCfg = Debug|Win32
		{3A559C75-FD26-4300-B86B-165FD43EE1CE}.Debug.Build.0 = Debug|Win32
		{3A559C75-FD26-4300-B86B-165FD43EE1CE}.Release.ActiveCfg = Release|Win32
		{3A559C75-FD26-4300-B86B-165FD43EE1CE}.Release.Build.0 = Release|Win32
	EndGlobalSection
	GlobalSection(ExtensibilityGlobals) = postSolution
	EndGlobalSection
	GlobalSection(ExtensibilityAddIns) = postSolution
	EndGlobalSection
EndGlobal
