
Microsoft Visual Studio Solution File, Format Version 12.00
# Visual Studio 14
VisualStudioVersion = 14.0.22310.1
MinimumVisualStudioVersion = 10.0.40219.1
Project("{8BC9CEB8-8B4A-11D0-8D11-00A0C91BC942}") = "RethinkDB", "RethinkDB.vcxproj", "{45C5C6AA-9AB7-4808-A4F4-BF64F0F4748D}"
EndProject
Global
	GlobalSection(SolutionConfigurationPlatforms) = preSolution
		Debug|Win32 = Debug|Win32
		Release|Win32 = Release|Win32
	EndGlobalSection
	GlobalSection(ProjectConfigurationPlatforms) = postSolution
		{45C5C6AA-9AB7-4808-A4F4-BF64F0F4748D}.Debug|Win32.ActiveCfg = Debug|Win32
		{45C5C6AA-9AB7-4808-A4F4-BF64F0F4748D}.Debug|Win32.Build.0 = Debug|Win32
		{45C5C6AA-9AB7-4808-A4F4-BF64F0F4748D}.Release|Win32.ActiveCfg = Release|Win32
		{45C5C6AA-9AB7-4808-A4F4-BF64F0F4748D}.Release|Win32.Build.0 = Release|Win32
	EndGlobalSection
	GlobalSection(SolutionProperties) = preSolution
		HideSolutionNode = FALSE
	EndGlobalSection
EndGlobal
