{
  "name": "rethinkdb-webui",
  "version": "2.5.0",
  "dependencies": {
    "acorn": {
      "version": "4.0.11",
      "from": "acorn@>=4.0.3 <5.0.0",
      "resolved": "https://registry.npmjs.org/acorn/-/acorn-4.0.11.tgz"
    },
    "ajv": {
      "version": "4.11.8",
      "from": "ajv@>=4.9.1 <5.0.0",
      "resolved": "https://registry.npmjs.org/ajv/-/ajv-4.11.8.tgz",
      "optional": true,
      "dependencies": {
        "json-stable-stringify": {
          "version": "1.0.1",
          "from": "json-stable-stringify@>=1.0.1 <2.0.0",
          "resolved": "https://registry.npmjs.org/json-stable-stringify/-/json-stable-stringify-1.0.1.tgz",
          "optional": true
        }
      }
    },
    "amdefine": {
      "version": "1.0.1",
      "from": "amdefine@>=0.0.4",
      "resolved": "https://registry.npmjs.org/amdefine/-/amdefine-1.0.1.tgz"
    },
    "array-filter": {
      "version": "0.0.1",
      "from": "array-filter@>=0.0.0 <0.1.0",
      "resolved": "https://registry.npmjs.org/array-filter/-/array-filter-0.0.1.tgz"
    },
    "array-map": {
      "version": "0.0.0",
      "from": "array-map@>=0.0.0 <0.1.0",
      "resolved": "https://registry.npmjs.org/array-map/-/array-map-0.0.0.tgz"
    },
    "array-reduce": {
      "version": "0.0.0",
      "from": "array-reduce@>=0.0.0 <0.1.0",
      "resolved": "https://registry.npmjs.org/array-reduce/-/array-reduce-0.0.0.tgz"
    },
    "asap": {
      "version": "2.0.5",
      "from": "asap@>=2.0.3 <2.1.0",
      "resolved": "https://registry.npmjs.org/asap/-/asap-2.0.5.tgz",
      "optional": true
    },
    "asn1": {
      "version": "0.2.3",
      "from": "asn1@>=0.2.3 <0.3.0",
      "resolved": "https://registry.npmjs.org/asn1/-/asn1-0.2.3.tgz",
      "optional": true
    },
    "asn1.js": {
      "version": "4.9.1",
      "from": "asn1.js@>=4.0.0 <5.0.0",
      "resolved": "https://registry.npmjs.org/asn1.js/-/asn1.js-4.9.1.tgz"
    },
    "assert": {
      "version": "1.4.1",
      "from": "assert@>=1.4.0 <2.0.0",
      "resolved": "https://registry.npmjs.org/assert/-/assert-1.4.1.tgz"
    },
    "assert-plus": {
      "version": "0.2.0",
      "from": "assert-plus@>=0.2.0 <0.3.0",
      "resolved": "https://registry.npmjs.org/assert-plus/-/assert-plus-0.2.0.tgz",
      "optional": true
    },
    "astw": {
      "version": "2.2.0",
      "from": "astw@>=2.0.0 <3.0.0",
      "resolved": "https://registry.npmjs.org/astw/-/astw-2.2.0.tgz"
    },
    "async": {
      "version": "0.2.10",
      "from": "async@>=0.2.6 <0.3.0",
      "resolved": "https://registry.npmjs.org/async/-/async-0.2.10.tgz"
    },
    "asynckit": {
      "version": "0.4.0",
      "from": "asynckit@>=0.4.0 <0.5.0",
      "resolved": "https://registry.npmjs.org/asynckit/-/asynckit-0.4.0.tgz",
      "optional": true
    },
    "aws-sign2": {
      "version": "0.6.0",
      "from": "aws-sign2@>=0.6.0 <0.7.0",
      "resolved": "https://registry.npmjs.org/aws-sign2/-/aws-sign2-0.6.0.tgz",
      "optional": true
    },
    "aws4": {
      "version": "1.6.0",
      "from": "aws4@>=1.2.1 <2.0.0",
      "resolved": "https://registry.npmjs.org/aws4/-/aws4-1.6.0.tgz",
      "optional": true
    },
    "balanced-match": {
      "version": "0.4.2",
      "from": "balanced-match@>=0.4.1 <0.5.0",
      "resolved": "https://registry.npmjs.org/balanced-match/-/balanced-match-0.4.2.tgz"
    },
    "base64-js": {
      "version": "1.2.0",
      "from": "base64-js@>=1.0.2 <2.0.0",
      "resolved": "https://registry.npmjs.org/base64-js/-/base64-js-1.2.0.tgz"
    },
    "bcrypt-pbkdf": {
      "version": "1.0.1",
      "from": "bcrypt-pbkdf@>=1.0.0 <2.0.0",
      "resolved": "https://registry.npmjs.org/bcrypt-pbkdf/-/bcrypt-pbkdf-1.0.1.tgz",
      "optional": true
    },
    "bn.js": {
      "version": "4.11.6",
      "from": "bn.js@>=4.1.1 <5.0.0",
      "resolved": "https://registry.npmjs.org/bn.js/-/bn.js-4.11.6.tgz"
    },
    "boom": {
      "version": "2.10.1",
      "from": "boom@>=2.0.0 <3.0.0",
      "resolved": "https://registry.npmjs.org/boom/-/boom-2.10.1.tgz"
    },
    "brace-expansion": {
      "version": "1.1.7",
      "from": "brace-expansion@>=1.1.7 <2.0.0",
      "resolved": "https://registry.npmjs.org/brace-expansion/-/brace-expansion-1.1.7.tgz"
    },
    "brorand": {
      "version": "1.1.0",
      "from": "brorand@>=1.0.1 <2.0.0",
      "resolved": "https://registry.npmjs.org/brorand/-/brorand-1.1.0.tgz"
    },
    "browser-pack": {
      "version": "6.0.2",
      "from": "browser-pack@>=6.0.1 <7.0.0",
      "resolved": "https://registry.npmjs.org/browser-pack/-/browser-pack-6.0.2.tgz"
    },
    "browser-resolve": {
      "version": "1.11.2",
      "from": "browser-resolve@>=1.11.0 <2.0.0",
      "resolved": "https://registry.npmjs.org/browser-resolve/-/browser-resolve-1.11.2.tgz",
      "dependencies": {
        "resolve": {
          "version": "1.1.7",
          "from": "resolve@1.1.7",
          "resolved": "https://registry.npmjs.org/resolve/-/resolve-1.1.7.tgz"
        }
      }
    },
    "browser-split": {
      "version": "0.0.1",
      "from": "browser-split@0.0.1",
      "resolved": "https://registry.npmjs.org/browser-split/-/browser-split-0.0.1.tgz"
    },
    "browserify": {
      "version": "13.3.0",
      "from": "browserify@>=13.1.0 <14.0.0",
      "resolved": "https://registry.npmjs.org/browserify/-/browserify-13.3.0.tgz"
    },
    "browserify-aes": {
      "version": "1.0.6",
      "from": "browserify-aes@>=1.0.4 <2.0.0",
      "resolved": "https://registry.npmjs.org/browserify-aes/-/browserify-aes-1.0.6.tgz"
    },
    "browserify-cipher": {
      "version": "1.0.0",
      "from": "browserify-cipher@>=1.0.0 <2.0.0",
      "resolved": "https://registry.npmjs.org/browserify-cipher/-/browserify-cipher-1.0.0.tgz"
    },
    "browserify-des": {
      "version": "1.0.0",
      "from": "browserify-des@>=1.0.0 <2.0.0",
      "resolved": "https://registry.npmjs.org/browserify-des/-/browserify-des-1.0.0.tgz"
    },
    "browserify-handlebars": {
      "version": "1.0.0",
      "from": "browserify-handlebars@>=1.0.0 <2.0.0",
      "resolved": "https://registry.npmjs.org/browserify-handlebars/-/browserify-handlebars-1.0.0.tgz"
    },
    "browserify-rsa": {
      "version": "4.0.1",
      "from": "browserify-rsa@>=4.0.0 <5.0.0",
      "resolved": "https://registry.npmjs.org/browserify-rsa/-/browserify-rsa-4.0.1.tgz"
    },
    "browserify-sign": {
      "version": "4.0.4",
      "from": "browserify-sign@>=4.0.0 <5.0.0",
      "resolved": "https://registry.npmjs.org/browserify-sign/-/browserify-sign-4.0.4.tgz"
    },
    "browserify-zlib": {
      "version": "0.1.4",
      "from": "browserify-zlib@>=0.1.2 <0.2.0",
      "resolved": "https://registry.npmjs.org/browserify-zlib/-/browserify-zlib-0.1.4.tgz"
    },
    "buffer": {
      "version": "4.9.1",
      "from": "buffer@>=4.1.0 <5.0.0",
      "resolved": "https://registry.npmjs.org/buffer/-/buffer-4.9.1.tgz"
    },
    "buffer-shims": {
      "version": "1.0.0",
      "from": "buffer-shims@>=1.0.0 <1.1.0",
      "resolved": "https://registry.npmjs.org/buffer-shims/-/buffer-shims-1.0.0.tgz"
    },
    "buffer-xor": {
      "version": "1.0.3",
      "from": "buffer-xor@>=1.0.2 <2.0.0",
      "resolved": "https://registry.npmjs.org/buffer-xor/-/buffer-xor-1.0.3.tgz"
    },
    "builtin-status-codes": {
      "version": "3.0.0",
      "from": "builtin-status-codes@>=3.0.0 <4.0.0",
      "resolved": "https://registry.npmjs.org/builtin-status-codes/-/builtin-status-codes-3.0.0.tgz"
    },
    "cached-path-relative": {
      "version": "1.0.1",
      "from": "cached-path-relative@>=1.0.0 <2.0.0",
      "resolved": "https://registry.npmjs.org/cached-path-relative/-/cached-path-relative-1.0.1.tgz"
    },
    "camelize": {
      "version": "1.0.0",
      "from": "camelize@>=1.0.0 <2.0.0",
      "resolved": "https://registry.npmjs.org/camelize/-/camelize-1.0.0.tgz"
    },
    "caseless": {
      "version": "0.12.0",
      "from": "caseless@>=0.12.0 <0.13.0",
      "resolved": "https://registry.npmjs.org/caseless/-/caseless-0.12.0.tgz",
      "optional": true
    },
    "cipher-base": {
      "version": "1.0.3",
      "from": "cipher-base@>=1.0.0 <2.0.0",
      "resolved": "https://registry.npmjs.org/cipher-base/-/cipher-base-1.0.3.tgz"
    },
    "co": {
      "version": "4.6.0",
      "from": "co@>=4.6.0 <5.0.0",
      "resolved": "https://registry.npmjs.org/co/-/co-4.6.0.tgz",
      "optional": true
    },
    "coffee-script": {
      "version": "1.12.5",
      "from": "coffee-script@>=1.12.0 <2.0.0",
      "resolved": "https://registry.npmjs.org/coffee-script/-/coffee-script-1.12.5.tgz"
    },
    "coffeeify": {
      "version": "2.1.0",
      "from": "coffeeify@>=2.0.0 <3.0.0",
      "resolved": "https://registry.npmjs.org/coffeeify/-/coffeeify-2.1.0.tgz",
      "dependencies": {
        "convert-source-map": {
          "version": "1.5.0",
          "from": "convert-source-map@>=1.3.0 <2.0.0",
          "resolved": "https://registry.npmjs.org/convert-source-map/-/convert-source-map-1.5.0.tgz"
        }
      }
    },
    "combine-source-map": {
      "version": "0.7.2",
      "from": "combine-source-map@>=0.7.1 <0.8.0",
      "resolved": "https://registry.npmjs.org/combine-source-map/-/combine-source-map-0.7.2.tgz"
    },
    "combined-stream": {
      "version": "1.0.5",
      "from": "combined-stream@>=1.0.5 <1.1.0",
      "resolved": "https://registry.npmjs.org/combined-stream/-/combined-stream-1.0.5.tgz"
    },
    "concat-map": {
      "version": "0.0.1",
      "from": "concat-map@0.0.1",
      "resolved": "https://registry.npmjs.org/concat-map/-/concat-map-0.0.1.tgz"
    },
    "concat-stream": {
      "version": "1.5.2",
      "from": "concat-stream@>=1.5.1 <1.6.0",
      "resolved": "https://registry.npmjs.org/concat-stream/-/concat-stream-1.5.2.tgz",
      "dependencies": {
        "readable-stream": {
          "version": "2.0.6",
          "from": "readable-stream@>=2.0.0 <2.1.0",
          "resolved": "https://registry.npmjs.org/readable-stream/-/readable-stream-2.0.6.tgz"
        }
      }
    },
    "console-browserify": {
      "version": "1.1.0",
      "from": "console-browserify@>=1.1.0 <2.0.0",
      "resolved": "https://registry.npmjs.org/console-browserify/-/console-browserify-1.1.0.tgz"
    },
    "constants-browserify": {
      "version": "1.0.0",
      "from": "constants-browserify@>=1.0.0 <1.1.0",
      "resolved": "https://registry.npmjs.org/constants-browserify/-/constants-browserify-1.0.0.tgz"
    },
    "convert-source-map": {
      "version": "1.1.3",
      "from": "convert-source-map@>=1.1.0 <1.2.0",
      "resolved": "https://registry.npmjs.org/convert-source-map/-/convert-source-map-1.1.3.tgz"
    },
    "core-util-is": {
      "version": "1.0.2",
      "from": "core-util-is@>=1.0.0 <1.1.0",
      "resolved": "https://registry.npmjs.org/core-util-is/-/core-util-is-1.0.2.tgz"
    },
    "create-ecdh": {
      "version": "4.0.0",
      "from": "create-ecdh@>=4.0.0 <5.0.0",
      "resolved": "https://registry.npmjs.org/create-ecdh/-/create-ecdh-4.0.0.tgz"
    },
    "create-hash": {
      "version": "1.1.2",
      "from": "create-hash@>=1.1.0 <2.0.0",
      "resolved": "https://registry.npmjs.org/create-hash/-/create-hash-1.1.2.tgz"
    },
    "create-hmac": {
      "version": "1.1.4",
      "from": "create-hmac@>=1.1.0 <2.0.0",
      "resolved": "https://registry.npmjs.org/create-hmac/-/create-hmac-1.1.4.tgz"
    },
    "cryptiles": {
      "version": "2.0.5",
      "from": "cryptiles@>=2.0.0 <3.0.0",
      "resolved": "https://registry.npmjs.org/cryptiles/-/cryptiles-2.0.5.tgz",
      "optional": true
    },
    "crypto-browserify": {
      "version": "3.11.0",
      "from": "crypto-browserify@>=3.0.0 <4.0.0",
      "resolved": "https://registry.npmjs.org/crypto-browserify/-/crypto-browserify-3.11.0.tgz"
    },
    "dashdash": {
      "version": "1.14.1",
      "from": "dashdash@>=1.12.0 <2.0.0",
      "resolved": "https://registry.npmjs.org/dashdash/-/dashdash-1.14.1.tgz",
      "optional": true,
      "dependencies": {
        "assert-plus": {
          "version": "1.0.0",
          "from": "assert-plus@>=1.0.0 <2.0.0",
          "resolved": "https://registry.npmjs.org/assert-plus/-/assert-plus-1.0.0.tgz",
          "optional": true
        }
      }
    },
    "date-now": {
      "version": "0.1.4",
      "from": "date-now@>=0.1.4 <0.2.0",
      "resolved": "https://registry.npmjs.org/date-now/-/date-now-0.1.4.tgz"
    },
    "defined": {
      "version": "1.0.0",
      "from": "defined@>=1.0.0 <2.0.0",
      "resolved": "https://registry.npmjs.org/defined/-/defined-1.0.0.tgz"
    },
    "delayed-stream": {
      "version": "1.0.0",
      "from": "delayed-stream@>=1.0.0 <1.1.0",
      "resolved": "https://registry.npmjs.org/delayed-stream/-/delayed-stream-1.0.0.tgz"
    },
    "deps-sort": {
      "version": "2.0.0",
      "from": "deps-sort@>=2.0.0 <3.0.0",
      "resolved": "https://registry.npmjs.org/deps-sort/-/deps-sort-2.0.0.tgz"
    },
    "des.js": {
      "version": "1.0.0",
      "from": "des.js@>=1.0.0 <2.0.0",
      "resolved": "https://registry.npmjs.org/des.js/-/des.js-1.0.0.tgz"
    },
    "detective": {
      "version": "4.5.0",
      "from": "detective@>=4.0.0 <5.0.0",
      "resolved": "https://registry.npmjs.org/detective/-/detective-4.5.0.tgz"
    },
    "diffie-hellman": {
      "version": "5.0.2",
      "from": "diffie-hellman@>=5.0.0 <6.0.0",
      "resolved": "https://registry.npmjs.org/diffie-hellman/-/diffie-hellman-5.0.2.tgz"
    },
    "dom-walk": {
      "version": "0.1.1",
      "from": "dom-walk@>=0.1.0 <0.2.0",
      "resolved": "https://registry.npmjs.org/dom-walk/-/dom-walk-0.1.1.tgz"
    },
    "domain-browser": {
      "version": "1.1.7",
      "from": "domain-browser@>=1.1.0 <1.2.0",
      "resolved": "https://registry.npmjs.org/domain-browser/-/domain-browser-1.1.7.tgz"
    },
    "duplexer2": {
      "version": "0.1.4",
      "from": "duplexer2@>=0.1.2 <0.2.0",
      "resolved": "https://registry.npmjs.org/duplexer2/-/duplexer2-0.1.4.tgz"
    },
    "ecc-jsbn": {
      "version": "0.1.1",
      "from": "ecc-jsbn@>=0.1.1 <0.2.0",
      "resolved": "https://registry.npmjs.org/ecc-jsbn/-/ecc-jsbn-0.1.1.tgz",
      "optional": true
    },
    "elliptic": {
      "version": "6.4.0",
      "from": "elliptic@>=6.0.0 <7.0.0",
      "resolved": "https://registry.npmjs.org/elliptic/-/elliptic-6.4.0.tgz"
    },
    "errno": {
      "version": "0.1.4",
      "from": "errno@>=0.1.1 <0.2.0",
      "resolved": "https://registry.npmjs.org/errno/-/errno-0.1.4.tgz",
      "optional": true
    },
    "error": {
      "version": "4.4.0",
      "from": "error@>=4.3.0 <5.0.0",
      "resolved": "https://registry.npmjs.org/error/-/error-4.4.0.tgz"
    },
    "ev-store": {
      "version": "7.0.0",
      "from": "ev-store@>=7.0.0 <8.0.0",
      "resolved": "https://registry.npmjs.org/ev-store/-/ev-store-7.0.0.tgz"
    },
    "events": {
      "version": "1.1.1",
      "from": "events@>=1.1.0 <1.2.0",
      "resolved": "https://registry.npmjs.org/events/-/events-1.1.1.tgz"
    },
    "evp_bytestokey": {
      "version": "1.0.0",
      "from": "evp_bytestokey@>=1.0.0 <2.0.0",
      "resolved": "https://registry.npmjs.org/evp_bytestokey/-/evp_bytestokey-1.0.0.tgz"
    },
    "extend": {
      "version": "3.0.1",
      "from": "extend@>=3.0.0 <3.1.0",
      "resolved": "https://registry.npmjs.org/extend/-/extend-3.0.1.tgz",
      "optional": true
    },
    "extsprintf": {
      "version": "1.0.2",
      "from": "extsprintf@1.0.2",
      "resolved": "https://registry.npmjs.org/extsprintf/-/extsprintf-1.0.2.tgz"
    },
    "forever-agent": {
      "version": "0.6.1",
      "from": "forever-agent@>=0.6.1 <0.7.0",
      "resolved": "https://registry.npmjs.org/forever-agent/-/forever-agent-0.6.1.tgz",
      "optional": true
    },
    "form-data": {
      "version": "2.1.4",
      "from": "form-data@>=2.1.1 <2.2.0",
      "resolved": "https://registry.npmjs.org/form-data/-/form-data-2.1.4.tgz",
      "optional": true
    },
    "fs.realpath": {
      "version": "1.0.0",
      "from": "fs.realpath@>=1.0.0 <2.0.0",
      "resolved": "https://registry.npmjs.org/fs.realpath/-/fs.realpath-1.0.0.tgz"
    },
    "function-bind": {
      "version": "1.1.0",
      "from": "function-bind@>=1.0.2 <2.0.0",
      "resolved": "https://registry.npmjs.org/function-bind/-/function-bind-1.1.0.tgz"
    },
    "getpass": {
      "version": "0.1.7",
      "from": "getpass@>=0.1.1 <0.2.0",
      "resolved": "https://registry.npmjs.org/getpass/-/getpass-0.1.7.tgz",
      "optional": true,
      "dependencies": {
        "assert-plus": {
          "version": "1.0.0",
          "from": "assert-plus@>=1.0.0 <2.0.0",
          "resolved": "https://registry.npmjs.org/assert-plus/-/assert-plus-1.0.0.tgz",
          "optional": true
        }
      }
    },
    "glob": {
      "version": "7.1.1",
      "from": "glob@>=7.1.1 <7.2.0",
      "resolved": "https://registry.npmjs.org/glob/-/glob-7.1.1.tgz"
    },
    "global": {
      "version": "4.3.2",
      "from": "global@>=4.3.0 <5.0.0",
      "resolved": "https://registry.npmjs.org/global/-/global-4.3.2.tgz",
      "dependencies": {
        "process": {
          "version": "0.5.2",
          "from": "process@>=0.5.1 <0.6.0",
          "resolved": "https://registry.npmjs.org/process/-/process-0.5.2.tgz"
        }
      }
    },
    "graceful-fs": {
      "version": "4.1.11",
      "from": "graceful-fs@>=4.1.2 <5.0.0",
      "resolved": "https://registry.npmjs.org/graceful-fs/-/graceful-fs-4.1.11.tgz"
    },
    "handlebars": {
      "version": "3.0.3",
      "from": "handlebars@>=3.0.1 <4.0.0",
      "resolved": "https://registry.npmjs.org/handlebars/-/handlebars-3.0.3.tgz",
      "dependencies": {
        "source-map": {
          "version": "0.1.43",
          "from": "source-map@>=0.1.40 <0.2.0",
          "resolved": "https://registry.npmjs.org/source-map/-/source-map-0.1.43.tgz"
        }
      }
    },
    "har-schema": {
      "version": "1.0.5",
      "from": "har-schema@>=1.0.5 <2.0.0",
      "resolved": "https://registry.npmjs.org/har-schema/-/har-schema-1.0.5.tgz",
      "optional": true
    },
    "har-validator": {
      "version": "4.2.1",
      "from": "har-validator@>=4.2.1 <4.3.0",
      "resolved": "https://registry.npmjs.org/har-validator/-/har-validator-4.2.1.tgz",
      "optional": true
    },
    "has": {
      "version": "1.0.1",
      "from": "has@>=1.0.0 <2.0.0",
      "resolved": "https://registry.npmjs.org/has/-/has-1.0.1.tgz"
    },
    "hash.js": {
      "version": "1.0.3",
      "from": "hash.js@>=1.0.0 <2.0.0",
      "resolved": "https://registry.npmjs.org/hash.js/-/hash.js-1.0.3.tgz"
    },
    "hawk": {
      "version": "3.1.3",
      "from": "hawk@>=3.1.3 <3.2.0",
      "resolved": "https://registry.npmjs.org/hawk/-/hawk-3.1.3.tgz",
      "optional": true
    },
    "hbsfy": {
      "version": "2.7.0",
      "from": "hbsfy@>=2.2.1 <3.0.0",
      "resolved": "https://registry.npmjs.org/hbsfy/-/hbsfy-2.7.0.tgz",
      "dependencies": {
        "xtend": {
          "version": "3.0.0",
          "from": "xtend@>=3.0.0 <3.1.0",
          "resolved": "https://registry.npmjs.org/xtend/-/xtend-3.0.0.tgz"
        }
      }
    },
    "hmac-drbg": {
      "version": "1.0.1",
      "from": "hmac-drbg@>=1.0.0 <2.0.0",
      "resolved": "https://registry.npmjs.org/hmac-drbg/-/hmac-drbg-1.0.1.tgz"
    },
    "hoek": {
      "version": "2.16.3",
      "from": "hoek@>=2.0.0 <3.0.0",
      "resolved": "https://registry.npmjs.org/hoek/-/hoek-2.16.3.tgz"
    },
    "htmlescape": {
      "version": "1.1.1",
      "from": "htmlescape@>=1.1.0 <2.0.0",
      "resolved": "https://registry.npmjs.org/htmlescape/-/htmlescape-1.1.1.tgz"
    },
    "http-signature": {
      "version": "1.1.1",
      "from": "http-signature@>=1.1.0 <1.2.0",
      "resolved": "https://registry.npmjs.org/http-signature/-/http-signature-1.1.1.tgz",
      "optional": true
    },
    "https-browserify": {
      "version": "0.0.1",
      "from": "https-browserify@>=0.0.0 <0.1.0",
      "resolved": "https://registry.npmjs.org/https-browserify/-/https-browserify-0.0.1.tgz"
    },
    "ieee754": {
      "version": "1.1.8",
      "from": "ieee754@>=1.1.4 <2.0.0",
      "resolved": "https://registry.npmjs.org/ieee754/-/ieee754-1.1.8.tgz"
    },
    "image-size": {
      "version": "0.5.1",
      "from": "image-size@>=0.5.0 <0.6.0",
      "resolved": "https://registry.npmjs.org/image-size/-/image-size-0.5.1.tgz",
      "optional": true
    },
    "indexof": {
      "version": "0.0.1",
      "from": "indexof@0.0.1",
      "resolved": "https://registry.npmjs.org/indexof/-/indexof-0.0.1.tgz"
    },
    "individual": {
      "version": "3.0.0",
      "from": "individual@>=3.0.0 <4.0.0",
      "resolved": "https://registry.npmjs.org/individual/-/individual-3.0.0.tgz"
    },
    "inflight": {
      "version": "1.0.6",
      "from": "inflight@>=1.0.4 <2.0.0",
      "resolved": "https://registry.npmjs.org/inflight/-/inflight-1.0.6.tgz"
    },
    "inherits": {
      "version": "2.0.3",
      "from": "inherits@>=2.0.0 <3.0.0",
      "resolved": "https://registry.npmjs.org/inherits/-/inherits-2.0.3.tgz"
    },
    "inline-source-map": {
      "version": "0.6.2",
      "from": "inline-source-map@>=0.6.0 <0.7.0",
      "resolved": "https://registry.npmjs.org/inline-source-map/-/inline-source-map-0.6.2.tgz"
    },
    "insert-module-globals": {
      "version": "7.0.1",
      "from": "insert-module-globals@>=7.0.0 <8.0.0",
      "resolved": "https://registry.npmjs.org/insert-module-globals/-/insert-module-globals-7.0.1.tgz"
    },
    "is-buffer": {
      "version": "1.1.5",
      "from": "is-buffer@>=1.1.5 <2.0.0",
      "resolved": "https://registry.npmjs.org/is-buffer/-/is-buffer-1.1.5.tgz"
    },
    "is-object": {
      "version": "1.0.1",
      "from": "is-object@>=1.0.1 <2.0.0",
      "resolved": "https://registry.npmjs.org/is-object/-/is-object-1.0.1.tgz"
    },
    "is-typedarray": {
      "version": "1.0.0",
      "from": "is-typedarray@>=1.0.0 <1.1.0",
      "resolved": "https://registry.npmjs.org/is-typedarray/-/is-typedarray-1.0.0.tgz",
      "optional": true
    },
    "isarray": {
      "version": "1.0.0",
      "from": "isarray@1.0.0",
      "resolved": "https://registry.npmjs.org/isarray/-/isarray-1.0.0.tgz"
    },
    "isstream": {
      "version": "0.1.2",
      "from": "isstream@>=0.1.2 <0.2.0",
      "resolved": "https://registry.npmjs.org/isstream/-/isstream-0.1.2.tgz",
      "optional": true
    },
    "jodid25519": {
      "version": "1.0.2",
      "from": "jodid25519@>=1.0.0 <2.0.0",
      "resolved": "https://registry.npmjs.org/jodid25519/-/jodid25519-1.0.2.tgz",
      "optional": true
    },
    "jsbn": {
      "version": "0.1.1",
      "from": "jsbn@>=0.1.0 <0.2.0",
      "resolved": "https://registry.npmjs.org/jsbn/-/jsbn-0.1.1.tgz",
      "optional": true
    },
    "json-schema": {
      "version": "0.2.3",
      "from": "json-schema@0.2.3",
      "resolved": "https://registry.npmjs.org/json-schema/-/json-schema-0.2.3.tgz",
      "optional": true
    },
    "json-stable-stringify": {
      "version": "0.0.1",
      "from": "json-stable-stringify@>=0.0.0 <0.1.0",
      "resolved": "https://registry.npmjs.org/json-stable-stringify/-/json-stable-stringify-0.0.1.tgz"
    },
    "json-stringify-safe": {
      "version": "5.0.1",
      "from": "json-stringify-safe@>=5.0.1 <5.1.0",
      "resolved": "https://registry.npmjs.org/json-stringify-safe/-/json-stringify-safe-5.0.1.tgz",
      "optional": true
    },
    "jsonify": {
      "version": "0.0.0",
      "from": "jsonify@>=0.0.0 <0.1.0",
      "resolved": "https://registry.npmjs.org/jsonify/-/jsonify-0.0.0.tgz"
    },
    "jsonparse": {
      "version": "1.3.0",
      "from": "jsonparse@>=1.2.0 <2.0.0",
      "resolved": "https://registry.npmjs.org/jsonparse/-/jsonparse-1.3.0.tgz"
    },
    "JSONStream": {
      "version": "1.3.1",
      "from": "JSONStream@>=1.0.3 <2.0.0",
      "resolved": "https://registry.npmjs.org/JSONStream/-/JSONStream-1.3.1.tgz"
    },
    "jsprim": {
      "version": "1.4.0",
      "from": "jsprim@>=1.2.2 <2.0.0",
      "resolved": "https://registry.npmjs.org/jsprim/-/jsprim-1.4.0.tgz",
      "optional": true,
      "dependencies": {
        "assert-plus": {
          "version": "1.0.0",
          "from": "assert-plus@1.0.0",
          "resolved": "https://registry.npmjs.org/assert-plus/-/assert-plus-1.0.0.tgz",
          "optional": true
        }
      }
    },
    "labeled-stream-splicer": {
      "version": "2.0.0",
      "from": "labeled-stream-splicer@>=2.0.0 <3.0.0",
      "resolved": "https://registry.npmjs.org/labeled-stream-splicer/-/labeled-stream-splicer-2.0.0.tgz",
      "dependencies": {
        "isarray": {
          "version": "0.0.1",
          "from": "isarray@>=0.0.1 <0.1.0",
          "resolved": "https://registry.npmjs.org/isarray/-/isarray-0.0.1.tgz"
        }
      }
    },
    "less": {
      "version": "2.7.2",
      "from": "less@>=2.4.0 <3.0.0",
      "resolved": "https://registry.npmjs.org/less/-/less-2.7.2.tgz"
    },
    "lexical-scope": {
      "version": "1.2.0",
      "from": "lexical-scope@>=1.2.0 <2.0.0",
      "resolved": "https://registry.npmjs.org/lexical-scope/-/lexical-scope-1.2.0.tgz"
    },
    "lodash.memoize": {
      "version": "3.0.4",
      "from": "lodash.memoize@>=3.0.3 <3.1.0",
      "resolved": "https://registry.npmjs.org/lodash.memoize/-/lodash.memoize-3.0.4.tgz"
    },
    "miller-rabin": {
      "version": "4.0.0",
      "from": "miller-rabin@>=4.0.0 <5.0.0",
      "resolved": "https://registry.npmjs.org/miller-rabin/-/miller-rabin-4.0.0.tgz"
    },
    "mime": {
      "version": "1.3.4",
      "from": "mime@>=1.2.11 <2.0.0",
      "resolved": "https://registry.npmjs.org/mime/-/mime-1.3.4.tgz"
    },
    "mime-db": {
      "version": "1.27.0",
      "from": "mime-db@>=1.27.0 <1.28.0",
      "resolved": "https://registry.npmjs.org/mime-db/-/mime-db-1.27.0.tgz"
    },
    "mime-types": {
      "version": "2.1.15",
      "from": "mime-types@>=2.1.7 <2.2.0",
      "resolved": "https://registry.npmjs.org/mime-types/-/mime-types-2.1.15.tgz"
    },
    "min-document": {
      "version": "2.19.0",
      "from": "min-document@>=2.19.0 <3.0.0",
      "resolved": "https://registry.npmjs.org/min-document/-/min-document-2.19.0.tgz"
    },
    "minimalistic-assert": {
      "version": "1.0.0",
      "from": "minimalistic-assert@>=1.0.0 <2.0.0",
      "resolved": "https://registry.npmjs.org/minimalistic-assert/-/minimalistic-assert-1.0.0.tgz"
    },
    "minimalistic-crypto-utils": {
      "version": "1.0.1",
      "from": "minimalistic-crypto-utils@>=1.0.0 <2.0.0",
      "resolved": "https://registry.npmjs.org/minimalistic-crypto-utils/-/minimalistic-crypto-utils-1.0.1.tgz"
    },
    "minimatch": {
      "version": "3.0.3",
      "from": "minimatch@>=3.0.2 <4.0.0",
      "resolved": "https://registry.npmjs.org/minimatch/-/minimatch-3.0.3.tgz"
    },
    "minimist": {
      "version": "1.2.0",
      "from": "minimist@>=1.1.0 <2.0.0",
      "resolved": "https://registry.npmjs.org/minimist/-/minimist-1.2.0.tgz"
    },
    "mkdirp": {
      "version": "0.5.1",
      "from": "mkdirp@>=0.5.1 <0.6.0",
      "resolved": "https://registry.npmjs.org/mkdirp/-/mkdirp-0.5.1.tgz",
      "dependencies": {
        "minimist": {
          "version": "0.0.8",
          "from": "minimist@0.0.8",
          "resolved": "https://registry.npmjs.org/minimist/-/minimist-0.0.8.tgz"
        }
      }
    },
    "module-deps": {
      "version": "4.1.1",
      "from": "module-deps@>=4.0.8 <5.0.0",
      "resolved": "https://registry.npmjs.org/module-deps/-/module-deps-4.1.1.tgz"
    },
    "moment": {
      "version": "2.18.1",
      "from": "moment@>=2.10.3 <3.0.0",
      "resolved": "https://registry.npmjs.org/moment/-/moment-2.18.1.tgz"
    },
    "next-tick": {
      "version": "0.2.2",
      "from": "next-tick@>=0.2.2 <0.3.0",
      "resolved": "https://registry.npmjs.org/next-tick/-/next-tick-0.2.2.tgz"
    },
    "oauth-sign": {
      "version": "0.8.2",
      "from": "oauth-sign@>=0.8.1 <0.9.0",
      "resolved": "https://registry.npmjs.org/oauth-sign/-/oauth-sign-0.8.2.tgz",
      "optional": true
    },
    "once": {
      "version": "1.4.0",
      "from": "once@>=1.3.0 <2.0.0",
      "resolved": "https://registry.npmjs.org/once/-/once-1.4.0.tgz"
    },
    "optimist": {
      "version": "0.6.1",
      "from": "optimist@>=0.6.1 <0.7.0",
      "resolved": "https://registry.npmjs.org/optimist/-/optimist-0.6.1.tgz",
      "dependencies": {
        "minimist": {
          "version": "0.0.10",
          "from": "minimist@>=0.0.1 <0.1.0",
          "resolved": "https://registry.npmjs.org/minimist/-/minimist-0.0.10.tgz"
        }
      }
    },
    "os-browserify": {
      "version": "0.1.2",
      "from": "os-browserify@>=0.1.1 <0.2.0",
      "resolved": "https://registry.npmjs.org/os-browserify/-/os-browserify-0.1.2.tgz"
    },
    "pako": {
      "version": "0.2.9",
      "from": "pako@>=0.2.0 <0.3.0",
      "resolved": "https://registry.npmjs.org/pako/-/pako-0.2.9.tgz"
    },
    "parents": {
      "version": "1.0.1",
      "from": "parents@>=1.0.1 <2.0.0",
      "resolved": "https://registry.npmjs.org/parents/-/parents-1.0.1.tgz"
    },
    "parse-asn1": {
      "version": "5.1.0",
      "from": "parse-asn1@>=5.0.0 <6.0.0",
      "resolved": "https://registry.npmjs.org/parse-asn1/-/parse-asn1-5.1.0.tgz"
    },
    "path-browserify": {
      "version": "0.0.0",
      "from": "path-browserify@>=0.0.0 <0.1.0",
      "resolved": "https://registry.npmjs.org/path-browserify/-/path-browserify-0.0.0.tgz"
    },
    "path-is-absolute": {
      "version": "1.0.1",
      "from": "path-is-absolute@>=1.0.0 <2.0.0",
      "resolved": "https://registry.npmjs.org/path-is-absolute/-/path-is-absolute-1.0.1.tgz"
    },
    "path-parse": {
      "version": "1.0.5",
      "from": "path-parse@>=1.0.5 <2.0.0",
      "resolved": "https://registry.npmjs.org/path-parse/-/path-parse-1.0.5.tgz"
    },
    "path-platform": {
      "version": "0.11.15",
      "from": "path-platform@>=0.11.15 <0.12.0",
      "resolved": "https://registry.npmjs.org/path-platform/-/path-platform-0.11.15.tgz"
    },
    "pbkdf2": {
      "version": "3.0.9",
      "from": "pbkdf2@>=3.0.3 <4.0.0",
      "resolved": "https://registry.npmjs.org/pbkdf2/-/pbkdf2-3.0.9.tgz"
    },
    "performance-now": {
      "version": "0.2.0",
      "from": "performance-now@>=0.2.0 <0.3.0",
      "resolved": "https://registry.npmjs.org/performance-now/-/performance-now-0.2.0.tgz",
      "optional": true
    },
    "process": {
      "version": "0.11.10",
      "from": "process@>=0.11.0 <0.12.0",
      "resolved": "https://registry.npmjs.org/process/-/process-0.11.10.tgz"
    },
    "process-nextick-args": {
      "version": "1.0.7",
      "from": "process-nextick-args@>=1.0.6 <1.1.0",
      "resolved": "https://registry.npmjs.org/process-nextick-args/-/process-nextick-args-1.0.7.tgz"
    },
    "promise": {
      "version": "7.1.1",
      "from": "promise@>=7.1.1 <8.0.0",
      "resolved": "https://registry.npmjs.org/promise/-/promise-7.1.1.tgz",
      "optional": true
    },
    "prr": {
      "version": "0.0.0",
      "from": "prr@>=0.0.0 <0.1.0",
      "resolved": "https://registry.npmjs.org/prr/-/prr-0.0.0.tgz",
      "optional": true
    },
    "public-encrypt": {
      "version": "4.0.0",
      "from": "public-encrypt@>=4.0.0 <5.0.0",
      "resolved": "https://registry.npmjs.org/public-encrypt/-/public-encrypt-4.0.0.tgz"
    },
    "punycode": {
      "version": "1.4.1",
      "from": "punycode@>=1.3.2 <2.0.0",
      "resolved": "https://registry.npmjs.org/punycode/-/punycode-1.4.1.tgz"
    },
    "qs": {
      "version": "6.4.0",
      "from": "qs@>=6.4.0 <6.5.0",
      "resolved": "https://registry.npmjs.org/qs/-/qs-6.4.0.tgz"
    },
    "querystring": {
      "version": "0.2.0",
      "from": "querystring@0.2.0",
      "resolved": "https://registry.npmjs.org/querystring/-/querystring-0.2.0.tgz"
    },
    "querystring-es3": {
      "version": "0.2.1",
      "from": "querystring-es3@>=0.2.0 <0.3.0",
      "resolved": "https://registry.npmjs.org/querystring-es3/-/querystring-es3-0.2.1.tgz"
    },
    "randombytes": {
      "version": "2.0.3",
      "from": "randombytes@>=2.0.0 <3.0.0",
      "resolved": "https://registry.npmjs.org/randombytes/-/randombytes-2.0.3.tgz"
    },
    "read-only-stream": {
      "version": "2.0.0",
      "from": "read-only-stream@>=2.0.0 <3.0.0",
      "resolved": "https://registry.npmjs.org/read-only-stream/-/read-only-stream-2.0.0.tgz"
    },
    "readable-stream": {
      "version": "2.2.9",
      "from": "readable-stream@>=2.0.2 <3.0.0",
      "resolved": "https://registry.npmjs.org/readable-stream/-/readable-stream-2.2.9.tgz",
      "dependencies": {
        "string_decoder": {
          "version": "1.0.0",
          "from": "string_decoder@>=1.0.0 <1.1.0",
          "resolved": "https://registry.npmjs.org/string_decoder/-/string_decoder-1.0.0.tgz"
        }
      }
    },
    "request": {
      "version": "2.81.0",
      "from": "request@>=2.72.0 <3.0.0",
      "resolved": "https://registry.npmjs.org/request/-/request-2.81.0.tgz",
      "optional": true
    },
    "resolve": {
      "version": "1.3.3",
      "from": "resolve@>=1.1.4 <2.0.0",
      "resolved": "https://registry.npmjs.org/resolve/-/resolve-1.3.3.tgz"
    },
    "ripemd160": {
      "version": "1.0.1",
      "from": "ripemd160@>=1.0.0 <2.0.0",
      "resolved": "https://registry.npmjs.org/ripemd160/-/ripemd160-1.0.1.tgz"
    },
    "safe-buffer": {
      "version": "5.0.1",
      "from": "safe-buffer@>=5.0.1 <6.0.0",
      "resolved": "https://registry.npmjs.org/safe-buffer/-/safe-buffer-5.0.1.tgz"
    },
    "sha.js": {
      "version": "2.4.8",
      "from": "sha.js@>=2.3.6 <3.0.0",
      "resolved": "https://registry.npmjs.org/sha.js/-/sha.js-2.4.8.tgz"
    },
    "shasum": {
      "version": "1.0.2",
      "from": "shasum@>=1.0.0 <2.0.0",
      "resolved": "https://registry.npmjs.org/shasum/-/shasum-1.0.2.tgz"
    },
    "shell-quote": {
      "version": "1.6.1",
      "from": "shell-quote@>=1.6.1 <2.0.0",
      "resolved": "https://registry.npmjs.org/shell-quote/-/shell-quote-1.6.1.tgz"
    },
    "sntp": {
      "version": "1.0.9",
      "from": "sntp@>=1.0.0 <2.0.0",
      "resolved": "https://registry.npmjs.org/sntp/-/sntp-1.0.9.tgz",
      "optional": true
    },
    "source-map": {
      "version": "0.5.6",
      "from": "source-map@>=0.5.3 <0.6.0",
      "resolved": "https://registry.npmjs.org/source-map/-/source-map-0.5.6.tgz"
    },
    "sshpk": {
      "version": "1.13.0",
      "from": "sshpk@>=1.7.0 <2.0.0",
      "resolved": "https://registry.npmjs.org/sshpk/-/sshpk-1.13.0.tgz",
      "optional": true,
      "dependencies": {
        "assert-plus": {
          "version": "1.0.0",
          "from": "assert-plus@>=1.0.0 <2.0.0",
          "resolved": "https://registry.npmjs.org/assert-plus/-/assert-plus-1.0.0.tgz",
          "optional": true
        }
      }
    },
    "stream-browserify": {
      "version": "2.0.1",
      "from": "stream-browserify@>=2.0.0 <3.0.0",
      "resolved": "https://registry.npmjs.org/stream-browserify/-/stream-browserify-2.0.1.tgz"
    },
    "stream-combiner2": {
      "version": "1.1.1",
      "from": "stream-combiner2@>=1.1.1 <2.0.0",
      "resolved": "https://registry.npmjs.org/stream-combiner2/-/stream-combiner2-1.1.1.tgz"
    },
    "stream-http": {
      "version": "2.7.0",
      "from": "stream-http@>=2.0.0 <3.0.0",
      "resolved": "https://registry.npmjs.org/stream-http/-/stream-http-2.7.0.tgz"
    },
    "stream-splicer": {
      "version": "2.0.0",
      "from": "stream-splicer@>=2.0.0 <3.0.0",
      "resolved": "https://registry.npmjs.org/stream-splicer/-/stream-splicer-2.0.0.tgz"
    },
    "string_decoder": {
      "version": "0.10.31",
      "from": "string_decoder@>=0.10.0 <0.11.0",
      "resolved": "https://registry.npmjs.org/string_decoder/-/string_decoder-0.10.31.tgz"
    },
    "string-template": {
      "version": "0.2.1",
      "from": "string-template@>=0.2.0 <0.3.0",
      "resolved": "https://registry.npmjs.org/string-template/-/string-template-0.2.1.tgz"
    },
    "stringstream": {
      "version": "0.0.5",
      "from": "stringstream@>=0.0.4 <0.1.0",
      "resolved": "https://registry.npmjs.org/stringstream/-/stringstream-0.0.5.tgz",
      "optional": true
    },
    "subarg": {
      "version": "1.0.0",
      "from": "subarg@>=1.0.0 <2.0.0",
      "resolved": "https://registry.npmjs.org/subarg/-/subarg-1.0.0.tgz"
    },
    "syntax-error": {
      "version": "1.3.0",
      "from": "syntax-error@>=1.1.1 <2.0.0",
      "resolved": "https://registry.npmjs.org/syntax-error/-/syntax-error-1.3.0.tgz"
    },
    "through": {
      "version": "2.3.8",
      "from": "through@>=2.2.7 <3.0.0",
      "resolved": "https://registry.npmjs.org/through/-/through-2.3.8.tgz"
    },
    "through2": {
      "version": "2.0.3",
      "from": "through2@>=2.0.0 <3.0.0",
      "resolved": "https://registry.npmjs.org/through2/-/through2-2.0.3.tgz"
    },
    "timers-browserify": {
      "version": "1.4.2",
      "from": "timers-browserify@>=1.0.1 <2.0.0",
      "resolved": "https://registry.npmjs.org/timers-browserify/-/timers-browserify-1.4.2.tgz"
    },
    "to-arraybuffer": {
      "version": "1.0.1",
      "from": "to-arraybuffer@>=1.0.0 <2.0.0",
      "resolved": "https://registry.npmjs.org/to-arraybuffer/-/to-arraybuffer-1.0.1.tgz"
    },
    "tough-cookie": {
      "version": "2.3.2",
      "from": "tough-cookie@>=2.3.0 <2.4.0",
      "resolved": "https://registry.npmjs.org/tough-cookie/-/tough-cookie-2.3.2.tgz",
      "optional": true
    },
    "tty-browserify": {
      "version": "0.0.0",
      "from": "tty-browserify@>=0.0.0 <0.1.0",
      "resolved": "https://registry.npmjs.org/tty-browserify/-/tty-browserify-0.0.0.tgz"
    },
    "tunnel-agent": {
      "version": "0.6.0",
      "from": "tunnel-agent@>=0.6.0 <0.7.0",
      "resolved": "https://registry.npmjs.org/tunnel-agent/-/tunnel-agent-0.6.0.tgz",
      "optional": true
    },
    "tweetnacl": {
      "version": "0.14.5",
      "from": "tweetnacl@>=0.14.0 <0.15.0",
      "resolved": "https://registry.npmjs.org/tweetnacl/-/tweetnacl-0.14.5.tgz",
      "optional": true
    },
    "typedarray": {
      "version": "0.0.6",
      "from": "typedarray@>=0.0.5 <0.1.0",
      "resolved": "https://registry.npmjs.org/typedarray/-/typedarray-0.0.6.tgz"
    },
    "uglify-js": {
      "version": "2.3.6",
      "from": "uglify-js@>=2.3.0 <2.4.0",
      "resolved": "https://registry.npmjs.org/uglify-js/-/uglify-js-2.3.6.tgz",
      "optional": true,
      "dependencies": {
        "optimist": {
          "version": "0.3.7",
          "from": "optimist@>=0.3.5 <0.4.0",
          "resolved": "https://registry.npmjs.org/optimist/-/optimist-0.3.7.tgz",
          "optional": true
        },
        "source-map": {
          "version": "0.1.43",
          "from": "source-map@>=0.1.7 <0.2.0",
          "resolved": "https://registry.npmjs.org/source-map/-/source-map-0.1.43.tgz",
          "optional": true
        }
      }
    },
    "umd": {
      "version": "3.0.1",
      "from": "umd@>=3.0.0 <4.0.0",
      "resolved": "https://registry.npmjs.org/umd/-/umd-3.0.1.tgz"
    },
    "url": {
      "version": "0.11.0",
      "from": "url@>=0.11.0 <0.12.0",
      "resolved": "https://registry.npmjs.org/url/-/url-0.11.0.tgz",
      "dependencies": {
        "punycode": {
          "version": "1.3.2",
          "from": "punycode@1.3.2",
          "resolved": "https://registry.npmjs.org/punycode/-/punycode-1.3.2.tgz"
        }
      }
    },
    "util": {
      "version": "0.10.3",
      "from": "util@>=0.10.1 <0.11.0",
      "resolved": "https://registry.npmjs.org/util/-/util-0.10.3.tgz",
      "dependencies": {
        "inherits": {
          "version": "2.0.1",
          "from": "inherits@2.0.1",
          "resolved": "https://registry.npmjs.org/inherits/-/inherits-2.0.1.tgz"
        }
      }
    },
    "util-deprecate": {
      "version": "1.0.2",
      "from": "util-deprecate@>=1.0.1 <1.1.0",
      "resolved": "https://registry.npmjs.org/util-deprecate/-/util-deprecate-1.0.2.tgz"
    },
    "uuid": {
      "version": "3.0.1",
      "from": "uuid@>=3.0.0 <4.0.0",
      "resolved": "https://registry.npmjs.org/uuid/-/uuid-3.0.1.tgz",
      "optional": true
    },
    "verror": {
      "version": "1.3.6",
      "from": "verror@1.3.6",
      "resolved": "https://registry.npmjs.org/verror/-/verror-1.3.6.tgz",
      "optional": true
    },
    "virtual-dom": {
      "version": "2.1.1",
      "from": "virtual-dom@>=2.0.1 <3.0.0",
      "resolved": "https://registry.npmjs.org/virtual-dom/-/virtual-dom-2.1.1.tgz"
    },
    "vm-browserify": {
      "version": "0.0.4",
      "from": "vm-browserify@>=0.0.1 <0.1.0",
      "resolved": "https://registry.npmjs.org/vm-browserify/-/vm-browserify-0.0.4.tgz"
    },
    "wordwrap": {
      "version": "0.0.3",
      "from": "wordwrap@>=0.0.2 <0.1.0",
      "resolved": "https://registry.npmjs.org/wordwrap/-/wordwrap-0.0.3.tgz"
    },
    "wrappy": {
      "version": "1.0.2",
      "from": "wrappy@>=1.0.0 <2.0.0",
      "resolved": "https://registry.npmjs.org/wrappy/-/wrappy-1.0.2.tgz"
    },
    "x-is-array": {
      "version": "0.1.0",
      "from": "x-is-array@0.1.0",
      "resolved": "https://registry.npmjs.org/x-is-array/-/x-is-array-0.1.0.tgz"
    },
    "x-is-string": {
      "version": "0.1.0",
      "from": "x-is-string@0.1.0",
      "resolved": "https://registry.npmjs.org/x-is-string/-/x-is-string-0.1.0.tgz"
    },
    "xtend": {
      "version": "4.0.1",
      "from": "xtend@>=4.0.0 <5.0.0",
      "resolved": "https://registry.npmjs.org/xtend/-/xtend-4.0.1.tgz"
    }
  }
}
